
Microsoft Visual Studio Solution File, Format Version 12.00
# Visual Studio Version 16
VisualStudioVersion = 16.0.31424.327
MinimumVisualStudioVersion = 10.0.40219.1
Project("{FAE04EC0-301F-11D3-BF4B-00C04F79EFBC}") = "HelloWorld", "HelloWorld\HelloWorld.csproj", "{8BAA7FC9-CD35-4AE4-9C34-66882F28DAF7}"
EndProject
Project("{FAE04EC0-301F-11D3-BF4B-00C04F79EFBC}") = "Program4", "Program4\Program4.csproj", "{8352B51C-D9C8-497B-8A9E-F8A1A564CE9B}"
EndProject
Project("{FAE04EC0-301F-11D3-BF4B-00C04F79EFBC}") = "Program5", "Program6\Program5.csproj", "{3515B124-367C-4417-A286-EE2B6C7B6DA6}"
EndProject
Project("{FAE04EC0-301F-11D3-BF4B-00C04F79EFBC}") = "ProgramDance", "ProgramDance\ProgramDance.csproj", "{FB9C8E8F-2451-430F-9C71-07223A7F3982}"
EndProject
Project("{FAE04EC0-301F-11D3-BF4B-00C04F79EFBC}") = "Project7", "Project7\Project7.csproj", "{D7BCC940-9699-476F-BC8C-DC67BD616756}"
EndProject
Project("{FAE04EC0-301F-11D3-BF4B-00C04F79EFBC}") = "Program8", "Program8\Program8.csproj", "{BA173EAA-0245-49E6-933E-D48AA2712153}"
EndProject
Global
	GlobalSection(SolutionConfigurationPlatforms) = preSolution
		Debug|Any CPU = Debug|Any CPU
		Release|Any CPU = Release|Any CPU
	EndGlobalSection
	GlobalSection(ProjectConfigurationPlatforms) = postSolution
		{8BAA7FC9-CD35-4AE4-9C34-66882F28DAF7}.Debug|Any CPU.ActiveCfg = Debug|Any CPU
		{8BAA7FC9-CD35-4AE4-9C34-66882F28DAF7}.Debug|Any CPU.Build.0 = Debug|Any CPU
		{8BAA7FC9-CD35-4AE4-9C34-66882F28DAF7}.Release|Any CPU.ActiveCfg = Release|Any CPU
		{8BAA7FC9-CD35-4AE4-9C34-66882F28DAF7}.Release|Any CPU.Build.0 = Release|Any CPU
		{8352B51C-D9C8-497B-8A9E-F8A1A564CE9B}.Debug|Any CPU.ActiveCfg = Debug|Any CPU
		{8352B51C-D9C8-497B-8A9E-F8A1A564CE9B}.Debug|Any CPU.Build.0 = Debug|Any CPU
		{8352B51C-D9C8-497B-8A9E-F8A1A564CE9B}.Release|Any CPU.ActiveCfg = Release|Any CPU
		{8352B51C-D9C8-497B-8A9E-F8A1A564CE9B}.Release|Any CPU.Build.0 = Release|Any CPU
		{3515B124-367C-4417-A286-EE2B6C7B6DA6}.Debug|Any CPU.ActiveCfg = Debug|Any CPU
		{3515B124-367C-4417-A286-EE2B6C7B6DA6}.Debug|Any CPU.Build.0 = Debug|Any CPU
		{3515B124-367C-4417-A286-EE2B6C7B6DA6}.Release|Any CPU.ActiveCfg = Release|Any CPU
		{3515B124-367C-4417-A286-EE2B6C7B6DA6}.Release|Any CPU.Build.0 = Release|Any CPU
		{FB9C8E8F-2451-430F-9C71-07223A7F3982}.Debug|Any CPU.ActiveCfg = Debug|Any CPU
		{FB9C8E8F-2451-430F-9C71-07223A7F3982}.Debug|Any CPU.Build.0 = Debug|Any CPU
		{FB9C8E8F-2451-430F-9C71-07223A7F3982}.Release|Any CPU.ActiveCfg = Release|Any CPU
		{FB9C8E8F-2451-430F-9C71-07223A7F3982}.Release|Any CPU.Build.0 = Release|Any CPU
		{D7BCC940-9699-476F-BC8C-DC67BD616756}.Debug|Any CPU.ActiveCfg = Debug|Any CPU
		{D7BCC940-9699-476F-BC8C-DC67BD616756}.Debug|Any CPU.Build.0 = Debug|Any CPU
		{D7BCC940-9699-476F-BC8C-DC67BD616756}.Release|Any CPU.ActiveCfg = Release|Any CPU
		{D7BCC940-9699-476F-BC8C-DC67BD616756}.Release|Any CPU.Build.0 = Release|Any CPU
		{BA173EAA-0245-49E6-933E-D48AA2712153}.Debug|Any CPU.ActiveCfg = Debug|Any CPU
		{BA173EAA-0245-49E6-933E-D48AA2712153}.Debug|Any CPU.Build.0 = Debug|Any CPU
		{BA173EAA-0245-49E6-933E-D48AA2712153}.Release|Any CPU.ActiveCfg = Release|Any CPU
		{BA173EAA-0245-49E6-933E-D48AA2712153}.Release|Any CPU.Build.0 = Release|Any CPU
	EndGlobalSection
	GlobalSection(SolutionProperties) = preSolution
		HideSolutionNode = FALSE
	EndGlobalSection
	GlobalSection(ExtensibilityGlobals) = postSolution
		SolutionGuid = {B746CBC2-AD6F-40A4-9738-702009637BD8}
	EndGlobalSection
EndGlobal
